
Microsoft Visual Studio Solution File, Format Version 12.00
# Visual Studio Version 17
VisualStudioVersion = 17.9.34723.18
MinimumVisualStudioVersion = 10.0.40219.1
Project("{8BC9CEB8-8B4A-11D0-8D11-00A0C91BC942}") = "wPK2-Lab2", "wPK2-Lab2\wPK2-Lab2.vcxproj", "{91495CB2-12DA-4099-96A5-AB8707D9DE2B}"
EndProject
Global
	GlobalSection(SolutionConfigurationPlatforms) = preSolution
		Debug|x64 = Debug|x64
		Debug|x86 = Debug|x86
		Release|x64 = Release|x64
		Release|x86 = Release|x86
	EndGlobalSection
	GlobalSection(ProjectConfigurationPlatforms) = postSolution
		{91495CB2-12DA-4099-96A5-AB8707D9DE2B}.Debug|x64.ActiveCfg = Debug|x64
		{91495CB2-12DA-4099-96A5-AB8707D9DE2B}.Debug|x64.Build.0 = Debug|x64
		{91495CB2-12DA-4099-96A5-AB8707D9DE2B}.Debug|x86.ActiveCfg = Debug|Win32
		{91495CB2-12DA-4099-96A5-AB8707D9DE2B}.Debug|x86.Build.0 = Debug|Win32
		{91495CB2-12DA-4099-96A5-AB8707D9DE2B}.Release|x64.ActiveCfg = Release|x64
		{91495CB2-12DA-4099-96A5-AB8707D9DE2B}.Release|x64.Build.0 = Release|x64
		{91495CB2-12DA-4099-96A5-AB8707D9DE2B}.Release|x86.ActiveCfg = Release|Win32
		{91495CB2-12DA-4099-96A5-AB8707D9DE2B}.Release|x86.Build.0 = Release|Win32
	EndGlobalSection
	GlobalSection(SolutionProperties) = preSolution
		HideSolutionNode = FALSE
	EndGlobalSection
	GlobalSection(ExtensibilityGlobals) = postSolution
		SolutionGuid = {4491B5C7-AD2C-4E50-A510-D8BE15767645}
	EndGlobalSection
EndGlobal
